// !$*UTF8*$!
{
	archiveVersion = 1;
	classes = {
	};
	objectVersion = 56;
	objects = {

/* Begin PBXBuildFile section */
		BEEBFA2028E4857D00B1FF9F /* projectApp.swift in Sources */ = {isa = PBXBuildFile; fileRef = BEEBFA1F28E4857D00B1FF9F /* projectApp.swift */; };
		BEEBFA2228E4857D00B1FF9F /* ContentView.swift in Sources */ = {isa = PBXBuildFile; fileRef = BEEBFA2128E4857D00B1FF9F /* ContentView.swift */; };
		BEEBFA2428E4857D00B1FF9F /* Assets.xcassets in Resources */ = {isa = PBXBuildFile; fileRef = BEEBFA2328E4857D00B1FF9F /* Assets.xcassets */; };
		BEEBFA2728E4857D00B1FF9F /* Preview Assets.xcassets in Resources */ = {isa = PBXBuildFile; fileRef = BEEBFA2628E4857D00B1FF9F /* Preview Assets.xcassets */; };
		BEEBFA3128E4857E00B1FF9F /* projectTests.swift in Sources */ = {isa = PBXBuildFile; fileRef = BEEBFA3028E4857E00B1FF9F /* projectTests.swift */; };
		BEEBFA3B28E4857E00B1FF9F /* projectUITests.swift in Sources */ = {isa = PBXBuildFile; fileRef = BEEBFA3A28E4857E00B1FF9F /* projectUITests.swift */; };
		BEEBFA3D28E4857E00B1FF9F /* projectUITestsLaunchTests.swift in Sources */ = {isa = PBXBuildFile; fileRef = BEEBFA3C28E4857E00B1FF9F /* projectUITestsLaunchTests.swift */; };
/* End PBXBuildFile section */

/* Begin PBXContainerItemProxy section */
		BEEBFA2D28E4857E00B1FF9F /* PBXContainerItemProxy */ = {
			isa = PBXContainerItemProxy;
			containerPortal = BEEBFA1428E4857D00B1FF9F /* Project object */;
			proxyType = 1;
			remoteGlobalIDString = BEEBFA1B28E4857D00B1FF9F;
			remoteInfo = project;
		};
		BEEBFA3728E4857E00B1FF9F /* PBXContainerItemProxy */ = {
			isa = PBXContainerItemProxy;
			containerPortal = BEEBFA1428E4857D00B1FF9F /* Project object */;
			proxyType = 1;
			remoteGlobalIDString = BEEBFA1B28E4857D00B1FF9F;
			remoteInfo = project;
		};
/* End PBXContainerItemProxy section */

/* Begin PBXFileReference section */
		BEEBFA1C28E4857D00B1FF9F /* project.app */ = {isa = PBXFileReference; explicitFileType = wrapper.application; includeInIndex = 0; path = project.app; sourceTree = BUILT_PRODUCTS_DIR; };
		BEEBFA1F28E4857D00B1FF9F /* projectApp.swift */ = {isa = PBXFileReference; lastKnownFileType = sourcecode.swift; path = projectApp.swift; sourceTree = "<group>"; };
		BEEBFA2128E4857D00B1FF9F /* ContentView.swift */ = {isa = PBXFileReference; lastKnownFileType = sourcecode.swift; path = ContentView.swift; sourceTree = "<group>"; };
		BEEBFA2328E4857D00B1FF9F /* Assets.xcassets */ = {isa = PBXFileReference; lastKnownFileType = folder.assetcatalog; path = Assets.xcassets; sourceTree = "<group>"; };
		BEEBFA2628E4857D00B1FF9F /* Preview Assets.xcassets */ = {isa = PBXFileReference; lastKnownFileType = folder.assetcatalog; path = "Preview Assets.xcassets"; sourceTree = "<group>"; };
		BEEBFA2C28E4857E00B1FF9F /* projectTests.xctest */ = {isa = PBXFileReference; explicitFileType = wrapper.cfbundle; includeInIndex = 0; path = projectTests.xctest; sourceTree = BUILT_PRODUCTS_DIR; };
		BEEBFA3028E4857E00B1FF9F /* projectTests.swift */ = {isa = PBXFileReference; lastKnownFileType = sourcecode.swift; path = projectTests.swift; sourceTree = "<group>"; };
		BEEBFA3628E4857E00B1FF9F /* projectUITests.xctest */ = {isa = PBXFileReference; explicitFileType = wrapper.cfbundle; includeInIndex = 0; path = projectUITests.xctest; sourceTree = BUILT_PRODUCTS_DIR; };
		BEEBFA3A28E4857E00B1FF9F /* projectUITests.swift */ = {isa = PBXFileReference; lastKnownFileType = sourcecode.swift; path = projectUITests.swift; sourceTree = "<group>"; };
		BEEBFA3C28E4857E00B1FF9F /* projectUITestsLaunchTests.swift */ = {isa = PBXFileReference; lastKnownFileType = sourcecode.swift; path = projectUITestsLaunchTests.swift; sourceTree = "<group>"; };
/* End PBXFileReference section */

/* Begin PBXFrameworksBuildPhase section */
		BEEBFA1928E4857D00B1FF9F /* Frameworks */ = {
			isa = PBXFrameworksBuildPhase;
			buildActionMask = 2147483647;
			files = (
			);
			runOnlyForDeploymentPostprocessing = 0;
		};
		BEEBFA2928E4857E00B1FF9F /* Frameworks */ = {
			isa = PBXFrameworksBuildPhase;
			buildActionMask = 2147483647;
			files = (
			);
			runOnlyForDeploymentPostprocessing = 0;
		};
		BEEBFA3328E4857E00B1FF9F /* Frameworks */ = {
			isa = PBXFrameworksBuildPhase;
			buildActionMask = 2147483647;
			files = (
			);
			runOnlyForDeploymentPostprocessing = 0;
		};
/* End PBXFrameworksBuildPhase section */

/* Begin PBXGroup section */
		BEEBFA1328E4857D00B1FF9F = {
			isa = PBXGroup;
			children = (
				BEEBFA1E28E4857D00B1FF9F /* project */,
				BEEBFA2F28E4857E00B1FF9F /* projectTests */,
				BEEBFA3928E4857E00B1FF9F /* projectUITests */,
				BEEBFA1D28E4857D00B1FF9F /* Products */,
			);
			sourceTree = "<group>";
		};
		BEEBFA1D28E4857D00B1FF9F /* Products */ = {
			isa = PBXGroup;
			children = (
				BEEBFA1C28E4857D00B1FF9F /* project.app */,
				BEEBFA2C28E4857E00B1FF9F /* projectTests.xctest */,
				BEEBFA3628E4857E00B1FF9F /* projectUITests.xctest */,
			);
			name = Products;
			sourceTree = "<group>";
		};
		BEEBFA1E28E4857D00B1FF9F /* project */ = {
			isa = PBXGroup;
			children = (
				BEEBFA1F28E4857D00B1FF9F /* projectApp.swift */,
				BEEBFA2128E4857D00B1FF9F /* ContentView.swift */,
				BEEBFA2328E4857D00B1FF9F /* Assets.xcassets */,
				BEEBFA2528E4857D00B1FF9F /* Preview Content */,
			);
			path = project;
			sourceTree = "<group>";
		};
		BEEBFA2528E4857D00B1FF9F /* Preview Content */ = {
			isa = PBXGroup;
			children = (
				BEEBFA2628E4857D00B1FF9F /* Preview Assets.xcassets */,
			);
			path = "Preview Content";
			sourceTree = "<group>";
		};
		BEEBFA2F28E4857E00B1FF9F /* projectTests */ = {
			isa = PBXGroup;
			children = (
				BEEBFA3028E4857E00B1FF9F /* projectTests.swift */,
			);
			path = projectTests;
			sourceTree = "<group>";
		};
		BEEBFA3928E4857E00B1FF9F /* projectUITests */ = {
			isa = PBXGroup;
			children = (
				BEEBFA3A28E4857E00B1FF9F /* projectUITests.swift */,
				BEEBFA3C28E4857E00B1FF9F /* projectUITestsLaunchTests.swift */,
			);
			path = projectUITests;
			sourceTree = "<group>";
		};
/* End PBXGroup section */

/* Begin PBXNativeTarget section */
		BEEBFA1B28E4857D00B1FF9F /* project */ = {
			isa = PBXNativeTarget;
			buildConfigurationList = BEEBFA4028E4857E00B1FF9F /* Build configuration list for PBXNativeTarget "project" */;
			buildPhases = (
				BEEBFA1828E4857D00B1FF9F /* Sources */,
				BEEBFA1928E4857D00B1FF9F /* Frameworks */,
				BEEBFA1A28E4857D00B1FF9F /* Resources */,
			);
			buildRules = (
			);
			dependencies = (
			);
			name = project;
			productName = project;
			productReference = BEEBFA1C28E4857D00B1FF9F /* project.app */;
			productType = "com.apple.product-type.application";
		};
		BEEBFA2B28E4857E00B1FF9F /* projectTests */ = {
			isa = PBXNativeTarget;
			buildConfigurationList = BEEBFA4328E4857E00B1FF9F /* Build configuration list for PBXNativeTarget "projectTests" */;
			buildPhases = (
				BEEBFA2828E4857E00B1FF9F /* Sources */,
				BEEBFA2928E4857E00B1FF9F /* Frameworks */,
				BEEBFA2A28E4857E00B1FF9F /* Resources */,
			);
			buildRules = (
			);
			dependencies = (
				BEEBFA2E28E4857E00B1FF9F /* PBXTargetDependency */,
			);
			name = projectTests;
			productName = projectTests;
			productReference = BEEBFA2C28E4857E00B1FF9F /* projectTests.xctest */;
			productType = "com.apple.product-type.bundle.unit-test";
		};
		BEEBFA3528E4857E00B1FF9F /* projectUITests */ = {
			isa = PBXNativeTarget;
			buildConfigurationList = BEEBFA4628E4857E00B1FF9F /* Build configuration list for PBXNativeTarget "projectUITests" */;
			buildPhases = (
				BEEBFA3228E4857E00B1FF9F /* Sources */,
				BEEBFA3328E4857E00B1FF9F /* Frameworks */,
				BEEBFA3428E4857E00B1FF9F /* Resources */,
			);
			buildRules = (
			);
			dependencies = (
				BEEBFA3828E4857E00B1FF9F /* PBXTargetDependency */,
			);
			name = projectUITests;
			productName = projectUITests;
			productReference = BEEBFA3628E4857E00B1FF9F /* projectUITests.xctest */;
			productType = "com.apple.product-type.bundle.ui-testing";
		};
/* End PBXNativeTarget section */

/* Begin PBXProject section */
		BEEBFA1428E4857D00B1FF9F /* Project object */ = {
			isa = PBXProject;
			attributes = {
				BuildIndependentTargetsInParallel = 1;
				LastSwiftUpdateCheck = 1400;
				LastUpgradeCheck = 1400;
				TargetAttributes = {
					BEEBFA1B28E4857D00B1FF9F = {
						CreatedOnToolsVersion = 14.0.1;
					};
					BEEBFA2B28E4857E00B1FF9F = {
						CreatedOnToolsVersion = 14.0.1;
						TestTargetID = BEEBFA1B28E4857D00B1FF9F;
					};
					BEEBFA3528E4857E00B1FF9F = {
						CreatedOnToolsVersion = 14.0.1;
						TestTargetID = BEEBFA1B28E4857D00B1FF9F;
					};
				};
			};
			buildConfigurationList = BEEBFA1728E4857D00B1FF9F /* Build configuration list for PBXProject "project" */;
			compatibilityVersion = "Xcode 14.0";
			developmentRegion = en;
			hasScannedForEncodings = 0;
			knownRegions = (
				en,
				Base,
			);
			mainGroup = BEEBFA1328E4857D00B1FF9F;
			productRefGroup = BEEBFA1D28E4857D00B1FF9F /* Products */;
			projectDirPath = "";
			projectRoot = "";
			targets = (
				BEEBFA1B28E4857D00B1FF9F /* project */,
				BEEBFA2B28E4857E00B1FF9F /* projectTests */,
				BEEBFA3528E4857E00B1FF9F /* projectUITests */,
			);
		};
/* End PBXProject section */

/* Begin PBXResourcesBuildPhase section */
		BEEBFA1A28E4857D00B1FF9F /* Resources */ = {
			isa = PBXResourcesBuildPhase;
			buildActionMask = 2147483647;
			files = (
				BEEBFA2728E4857D00B1FF9F /* Preview Assets.xcassets in Resources */,
				BEEBFA2428E4857D00B1FF9F /* Assets.xcassets in Resources */,
			);
			runOnlyForDeploymentPostprocessing = 0;
		};
		BEEBFA2A28E4857E00B1FF9F /* Resources */ = {
			isa = PBXResourcesBuildPhase;
			buildActionMask = 2147483647;
			files = (
			);
			runOnlyForDeploymentPostprocessing = 0;
		};
		BEEBFA3428E4857E00B1FF9F /* Resources */ = {
			isa = PBXResourcesBuildPhase;
			buildActionMask = 2147483647;
			files = (
			);
			runOnlyForDeploymentPostprocessing = 0;
		};
/* End PBXResourcesBuildPhase section */

/* Begin PBXSourcesBuildPhase section */
		BEEBFA1828E4857D00B1FF9F /* Sources */ = {
			isa = PBXSourcesBuildPhase;
			buildActionMask = 2147483647;
			files = (
				BEEBFA2228E4857D00B1FF9F /* ContentView.swift in Sources */,
				BEEBFA2028E4857D00B1FF9F /* projectApp.swift in Sources */,
			);
			runOnlyForDeploymentPostprocessing = 0;
		};
		BEEBFA2828E4857E00B1FF9F /* Sources */ = {
			isa = PBXSourcesBuildPhase;
			buildActionMask = 2147483647;
			files = (
				BEEBFA3128E4857E00B1FF9F /* projectTests.swift in Sources */,
			);
			runOnlyForDeploymentPostprocessing = 0;
		};
		BEEBFA3228E4857E00B1FF9F /* Sources */ = {
			isa = PBXSourcesBuildPhase;
			buildActionMask = 2147483647;
			files = (
				BEEBFA3D28E4857E00B1FF9F /* projectUITestsLaunchTests.swift in Sources */,
				BEEBFA3B28E4857E00B1FF9F /* projectUITests.swift in Sources */,
			);
			runOnlyForDeploymentPostprocessing = 0;
		};
/* End PBXSourcesBuildPhase section */

/* Begin PBXTargetDependency section */
		BEEBFA2E28E4857E00B1FF9F /* PBXTargetDependency */ = {
			isa = PBXTargetDependency;
			target = BEEBFA1B28E4857D00B1FF9F /* project */;
			targetProxy = BEEBFA2D28E4857E00B1FF9F /* PBXContainerItemProxy */;
		};
		BEEBFA3828E4857E00B1FF9F /* PBXTargetDependency */ = {
			isa = PBXTargetDependency;
			target = BEEBFA1B28E4857D00B1FF9F /* project */;
			targetProxy = BEEBFA3728E4857E00B1FF9F /* PBXContainerItemProxy */;
		};
/* End PBXTargetDependency section */

/* Begin XCBuildConfiguration section */
		BEEBFA3E28E4857E00B1FF9F /* Debug */ = {
			isa = XCBuildConfiguration;
			buildSettings = {
				ALWAYS_SEARCH_USER_PATHS = NO;
				CLANG_ANALYZER_NONNULL = YES;
				CLANG_ANALYZER_NUMBER_OBJECT_CONVERSION = YES_AGGRESSIVE;
				CLANG_CXX_LANGUAGE_STANDARD = "gnu++20";
				CLANG_ENABLE_MODULES = YES;
				CLANG_ENABLE_OBJC_ARC = YES;
				CLANG_ENABLE_OBJC_WEAK = YES;
				CLANG_WARN_BLOCK_CAPTURE_AUTORELEASING = YES;
				CLANG_WARN_BOOL_CONVERSION = YES;
				CLANG_WARN_COMMA = YES;
				CLANG_WARN_CONSTANT_CONVERSION = YES;
				CLANG_WARN_DEPRECATED_OBJC_IMPLEMENTATIONS = YES;
				CLANG_WARN_DIRECT_OBJC_ISA_USAGE = YES_ERROR;
				CLANG_WARN_DOCUMENTATION_COMMENTS = YES;
				CLANG_WARN_EMPTY_BODY = YES;
				CLANG_WARN_ENUM_CONVERSION = YES;
				CLANG_WARN_INFINITE_RECURSION = YES;
				CLANG_WARN_INT_CONVERSION = YES;
				CLANG_WARN_NON_LITERAL_NULL_CONVERSION = YES;
				CLANG_WARN_OBJC_IMPLICIT_RETAIN_SELF = YES;
				CLANG_WARN_OBJC_LITERAL_CONVERSION = YES;
				CLANG_WARN_OBJC_ROOT_CLASS = YES_ERROR;
				CLANG_WARN_QUOTED_INCLUDE_IN_FRAMEWORK_HEADER = YES;
				CLANG_WARN_RANGE_LOOP_ANALYSIS = YES;
				CLANG_WARN_STRICT_PROTOTYPES = YES;
				CLANG_WARN_SUSPICIOUS_MOVE = YES;
				CLANG_WARN_UNGUARDED_AVAILABILITY = YES_AGGRESSIVE;
				CLANG_WARN_UNREACHABLE_CODE = YES;
				CLANG_WARN__DUPLICATE_METHOD_MATCH = YES;
				COPY_PHASE_STRIP = NO;
				DEBUG_INFORMATION_FORMAT = dwarf;
				ENABLE_STRICT_OBJC_MSGSEND = YES;
				ENABLE_TESTABILITY = YES;
				GCC_C_LANGUAGE_STANDARD = gnu11;
				GCC_DYNAMIC_NO_PIC = NO;
				GCC_NO_COMMON_BLOCKS = YES;
				GCC_OPTIMIZATION_LEVEL = 0;
				GCC_PREPROCESSOR_DEFINITIONS = (
					"DEBUG=1",
					"$(inherited)",
				);
				GCC_WARN_64_TO_32_BIT_CONVERSION = YES;
				GCC_WARN_ABOUT_RETURN_TYPE = YES_ERROR;
				GCC_WARN_UNDECLARED_SELECTOR = YES;
				GCC_WARN_UNINITIALIZED_AUTOS = YES_AGGRESSIVE;
				GCC_WARN_UNUSED_FUNCTION = YES;
				GCC_WARN_UNUSED_VARIABLE = YES;
				IPHONEOS_DEPLOYMENT_TARGET = 16.0;
				MTL_ENABLE_DEBUG_INFO = INCLUDE_SOURCE;
				MTL_FAST_MATH = YES;
				ONLY_ACTIVE_ARCH = YES;
				SDKROOT = iphoneos;
				SWIFT_ACTIVE_COMPILATION_CONDITIONS = DEBUG;
				SWIFT_OPTIMIZATION_LEVEL = "-Onone";
			};
			name = Debug;
		};
		BEEBFA3F28E4857E00B1FF9F /* Release */ = {
			isa = XCBuildConfiguration;
			buildSettings = {
				ALWAYS_SEARCH_USER_PATHS = NO;
				CLANG_ANALYZER_NONNULL = YES;
				CLANG_ANALYZER_NUMBER_OBJECT_CONVERSION = YES_AGGRESSIVE;
				CLANG_CXX_LANGUAGE_STANDARD = "gnu++20";
				CLANG_ENABLE_MODULES = YES;
				CLANG_ENABLE_OBJC_ARC = YES;
				CLANG_ENABLE_OBJC_WEAK = YES;
				CLANG_WARN_BLOCK_CAPTURE_AUTORELEASING = YES;
				CLANG_WARN_BOOL_CONVERSION = YES;
				CLANG_WARN_COMMA = YES;
				CLANG_WARN_CONSTANT_CONVERSION = YES;
				CLANG_WARN_DEPRECATED_OBJC_IMPLEMENTATIONS = YES;
				CLANG_WARN_DIRECT_OBJC_ISA_USAGE = YES_ERROR;
				CLANG_WARN_DOCUMENTATION_COMMENTS = YES;
				CLANG_WARN_EMPTY_BODY = YES;
				CLANG_WARN_ENUM_CONVERSION = YES;
				CLANG_WARN_INFINITE_RECURSION = YES;
				CLANG_WARN_INT_CONVERSION = YES;
				CLANG_WARN_NON_LITERAL_NULL_CONVERSION = YES;
				CLANG_WARN_OBJC_IMPLICIT_RETAIN_SELF = YES;
				CLANG_WARN_OBJC_LITERAL_CONVERSION = YES;
				CLANG_WARN_OBJC_ROOT_CLASS = YES_ERROR;
				CLANG_WARN_QUOTED_INCLUDE_IN_FRAMEWORK_HEADER = YES;
				CLANG_WARN_RANGE_LOOP_ANALYSIS = YES;
				CLANG_WARN_STRICT_PROTOTYPES = YES;
				CLANG_WARN_SUSPICIOUS_MOVE = YES;
				CLANG_WARN_UNGUARDED_AVAILABILITY = YES_AGGRESSIVE;
				CLANG_WARN_UNREACHABLE_CODE = YES;
				CLANG_WARN__DUPLICATE_METHOD_MATCH = YES;
				COPY_PHASE_STRIP = NO;
				DEBUG_INFORMATION_FORMAT = "dwarf-with-dsym";
				ENABLE_NS_ASSERTIONS = NO;
				ENABLE_STRICT_OBJC_MSGSEND = YES;
				GCC_C_LANGUAGE_STANDARD = gnu11;
				GCC_NO_COMMON_BLOCKS = YES;
				GCC_WARN_64_TO_32_BIT_CONVERSION = YES;
				GCC_WARN_ABOUT_RETURN_TYPE = YES_ERROR;
				GCC_WARN_UNDECLARED_SELECTOR = YES;
				GCC_WARN_UNINITIALIZED_AUTOS = YES_AGGRESSIVE;
				GCC_WARN_UNUSED_FUNCTION = YES;
				GCC_WARN_UNUSED_VARIABLE = YES;
				IPHONEOS_DEPLOYMENT_TARGET = 16.0;
				MTL_ENABLE_DEBUG_INFO = NO;
				MTL_FAST_MATH = YES;
				SDKROOT = iphoneos;
				SWIFT_COMPILATION_MODE = wholemodule;
				SWIFT_OPTIMIZATION_LEVEL = "-O";
				VALIDATE_PRODUCT = YES;
			};
			name = Release;
		};
		BEEBFA4128E4857E00B1FF9F /* Debug */ = {
			isa = XCBuildConfiguration;
			buildSettings = {
				ASSETCATALOG_COMPILER_APPICON_NAME = AppIcon;
				ASSETCATALOG_COMPILER_GLOBAL_ACCENT_COLOR_NAME = AccentColor;
				CODE_SIGN_STYLE = Automatic;
				CURRENT_PROJECT_VERSION = 1;
				DEVELOPMENT_ASSET_PATHS = "\"project/Preview Content\"";
				ENABLE_PREVIEWS = YES;
				GENERATE_INFOPLIST_FILE = YES;
				INFOPLIST_KEY_UIApplicationSceneManifest_Generation = YES;
				INFOPLIST_KEY_UIApplicationSupportsIndirectInputEvents = YES;
				INFOPLIST_KEY_UILaunchScreen_Generation = YES;
				INFOPLIST_KEY_UISupportedInterfaceOrientations_iPad = "UIInterfaceOrientationPortrait UIInterfaceOrientationPortraitUpsideDown UIInterfaceOrientationLandscapeLeft UIInterfaceOrientationLandscapeRight";
				INFOPLIST_KEY_UISupportedInterfaceOrientations_iPhone = "UIInterfaceOrientationPortrait UIInterfaceOrientationLandscapeLeft UIInterfaceOrientationLandscapeRight";
				LD_RUNPATH_SEARCH_PATHS = (
					"$(inherited)",
					"@executable_path/Frameworks",
				);
				MARKETING_VERSION = 1.0;
				PRODUCT_BUNDLE_IDENTIFIER = personal.project;
				PRODUCT_NAME = "$(TARGET_NAME)";
				SWIFT_EMIT_LOC_STRINGS = YES;
				SWIFT_VERSION = 5.0;
				TARGETED_DEVICE_FAMILY = "1,2";
			};
			name = Debug;
		};
		BEEBFA4228E4857E00B1FF9F /* Release */ = {
			isa = XCBuildConfiguration;
			buildSettings = {
				ASSETCATALOG_COMPILER_APPICON_NAME = AppIcon;
				ASSETCATALOG_COMPILER_GLOBAL_ACCENT_COLOR_NAME = AccentColor;
				CODE_SIGN_STYLE = Automatic;
				CURRENT_PROJECT_VERSION = 1;
				DEVELOPMENT_ASSET_PATHS = "\"project/Preview Content\"";
				ENABLE_PREVIEWS = YES;
				GENERATE_INFOPLIST_FILE = YES;
				INFOPLIST_KEY_UIApplicationSceneManifest_Generation = YES;
				INFOPLIST_KEY_UIApplicationSupportsIndirectInputEvents = YES;
				INFOPLIST_KEY_UILaunchScreen_Generation = YES;
				INFOPLIST_KEY_UISupportedInterfaceOrientations_iPad = "UIInterfaceOrientationPortrait UIInterfaceOrientationPortraitUpsideDown UIInterfaceOrientationLandscapeLeft UIInterfaceOrientationLandscapeRight";
				INFOPLIST_KEY_UISupportedInterfaceOrientations_iPhone = "UIInterfaceOrientationPortrait UIInterfaceOrientationLandscapeLeft UIInterfaceOrientationLandscapeRight";
				LD_RUNPATH_SEARCH_PATHS = (
					"$(inherited)",
					"@executable_path/Frameworks",
				);
				MARKETING_VERSION = 1.0;
				PRODUCT_BUNDLE_IDENTIFIER = personal.project;
				PRODUCT_NAME = "$(TARGET_NAME)";
				SWIFT_EMIT_LOC_STRINGS = YES;
				SWIFT_VERSION = 5.0;
				TARGETED_DEVICE_FAMILY = "1,2";
			};
			name = Release;
		};
		BEEBFA4428E4857E00B1FF9F /* Debug */ = {
			isa = XCBuildConfiguration;
			buildSettings = {
				ALWAYS_EMBED_SWIFT_STANDARD_LIBRARIES = YES;
				BUNDLE_LOADER = "$(TEST_HOST)";
				CODE_SIGN_STYLE = Automatic;
				CURRENT_PROJECT_VERSION = 1;
				GENERATE_INFOPLIST_FILE = YES;
				IPHONEOS_DEPLOYMENT_TARGET = 16.0;
				MARKETING_VERSION = 1.0;
				PRODUCT_BUNDLE_IDENTIFIER = personal.projectTests;
				PRODUCT_NAME = "$(TARGET_NAME)";
				SWIFT_EMIT_LOC_STRINGS = NO;
				SWIFT_VERSION = 5.0;
				TARGETED_DEVICE_FAMILY = "1,2";
				TEST_HOST = "$(BUILT_PRODUCTS_DIR)/project.app/$(BUNDLE_EXECUTABLE_FOLDER_PATH)/project";
			};
			name = Debug;
		};
		BEEBFA4528E4857E00B1FF9F /* Release */ = {
			isa = XCBuildConfiguration;
			buildSettings = {
				ALWAYS_EMBED_SWIFT_STANDARD_LIBRARIES = YES;
				BUNDLE_LOADER = "$(TEST_HOST)";
				CODE_SIGN_STYLE = Automatic;
				CURRENT_PROJECT_VERSION = 1;
				GENERATE_INFOPLIST_FILE = YES;
				IPHONEOS_DEPLOYMENT_TARGET = 16.0;
				MARKETING_VERSION = 1.0;
				PRODUCT_BUNDLE_IDENTIFIER = personal.projectTests;
				PRODUCT_NAME = "$(TARGET_NAME)";
				SWIFT_EMIT_LOC_STRINGS = NO;
				SWIFT_VERSION = 5.0;
				TARGETED_DEVICE_FAMILY = "1,2";
				TEST_HOST = "$(BUILT_PRODUCTS_DIR)/project.app/$(BUNDLE_EXECUTABLE_FOLDER_PATH)/project";
			};
			name = Release;
		};
		BEEBFA4728E4857E00B1FF9F /* Debug */ = {
			isa = XCBuildConfiguration;
			buildSettings = {
				ALWAYS_EMBED_SWIFT_STANDARD_LIBRARIES = YES;
				CODE_SIGN_STYLE = Automatic;
				CURRENT_PROJECT_VERSION = 1;
				GENERATE_INFOPLIST_FILE = YES;
				MARKETING_VERSION = 1.0;
				PRODUCT_BUNDLE_IDENTIFIER = personal.projectUITests;
				PRODUCT_NAME = "$(TARGET_NAME)";
				SWIFT_EMIT_LOC_STRINGS = NO;
				SWIFT_VERSION = 5.0;
				TARGETED_DEVICE_FAMILY = "1,2";
				TEST_TARGET_NAME = project;
			};
			name = Debug;
		};
		BEEBFA4828E4857E00B1FF9F /* Release */ = {
			isa = XCBuildConfiguration;
			buildSettings = {
				ALWAYS_EMBED_SWIFT_STANDARD_LIBRARIES = YES;
				CODE_SIGN_STYLE = Automatic;
				CURRENT_PROJECT_VERSION = 1;
				GENERATE_INFOPLIST_FILE = YES;
				MARKETING_VERSION = 1.0;
				PRODUCT_BUNDLE_IDENTIFIER = personal.projectUITests;
				PRODUCT_NAME = "$(TARGET_NAME)";
				SWIFT_EMIT_LOC_STRINGS = NO;
				SWIFT_VERSION = 5.0;
				TARGETED_DEVICE_FAMILY = "1,2";
				TEST_TARGET_NAME = project;
			};
			name = Release;
		};
/* End XCBuildConfiguration section */

/* Begin XCConfigurationList section */
		BEEBFA1728E4857D00B1FF9F /* Build configuration list for PBXProject "project" */ = {
			isa = XCConfigurationList;
			buildConfigurations = (
				BEEBFA3E28E4857E00B1FF9F /* Debug */,
				BEEBFA3F28E4857E00B1FF9F /* Release */,
			);
			defaultConfigurationIsVisible = 0;
			defaultConfigurationName = Release;
		};
		BEEBFA4028E4857E00B1FF9F /* Build configuration list for PBXNativeTarget "project" */ = {
			isa = XCConfigurationList;
			buildConfigurations = (
				BEEBFA4128E4857E00B1FF9F /* Debug */,
				BEEBFA4228E4857E00B1FF9F /* Release */,
			);
			defaultConfigurationIsVisible = 0;
			defaultConfigurationName = Release;
		};
		BEEBFA4328E4857E00B1FF9F /* Build configuration list for PBXNativeTarget "projectTests" */ = {
			isa = XCConfigurationList;
			buildConfigurations = (
				BEEBFA4428E4857E00B1FF9F /* Debug */,
				BEEBFA4528E4857E00B1FF9F /* Release */,
			);
			defaultConfigurationIsVisible = 0;
			defaultConfigurationName = Release;
		};
		BEEBFA4628E4857E00B1FF9F /* Build configuration list for PBXNativeTarget "projectUITests" */ = {
			isa = XCConfigurationList;
			buildConfigurations = (
				BEEBFA4728E4857E00B1FF9F /* Debug */,
				BEEBFA4828E4857E00B1FF9F /* Release */,
			);
			defaultConfigurationIsVisible = 0;
			defaultConfigurationName = Release;
		};
/* End XCConfigurationList section */
	};
	rootObject = BEEBFA1428E4857D00B1FF9F /* Project object */;
}
